
Microsoft Visual Studio Solution File, Format Version 12.00
# Visual Studio 15
VisualStudioVersion = 15.0.28307.271
MinimumVisualStudioVersion = 10.0.40219.1
Project("{00D1A9C2-B5F0-4AF3-8072-F6C62B433612}") = "DBUnitTesting", "DBUnitTesting\DBUnitTesting.sqlproj", "{ACB13509-6F69-4395-91F1-5E8A7E09A8C5}"
EndProject
Project("{FAE04EC0-301F-11D3-BF4B-00C04F79EFBC}") = "DBUnitTesting.Tests", "DBUnitTesting.Tests\DBUnitTesting.Tests.csproj", "{01F6C0DB-4E32-47F3-9E2A-E86A45CA8AED}"
EndProject
Global
	GlobalSection(SolutionConfigurationPlatforms) = preSolution
		Debug|Any CPU = Debug|Any CPU
		Release|Any CPU = Release|Any CPU
	EndGlobalSection
	GlobalSection(ProjectConfigurationPlatforms) = postSolution
		{ACB13509-6F69-4395-91F1-5E8A7E09A8C5}.Debug|Any CPU.ActiveCfg = Debug|Any CPU
		{ACB13509-6F69-4395-91F1-5E8A7E09A8C5}.Debug|Any CPU.Build.0 = Debug|Any CPU
		{ACB13509-6F69-4395-91F1-5E8A7E09A8C5}.Debug|Any CPU.Deploy.0 = Debug|Any CPU
		{ACB13509-6F69-4395-91F1-5E8A7E09A8C5}.Release|Any CPU.ActiveCfg = Release|Any CPU
		{ACB13509-6F69-4395-91F1-5E8A7E09A8C5}.Release|Any CPU.Build.0 = Release|Any CPU
		{ACB13509-6F69-4395-91F1-5E8A7E09A8C5}.Release|Any CPU.Deploy.0 = Release|Any CPU
		{01F6C0DB-4E32-47F3-9E2A-E86A45CA8AED}.Debug|Any CPU.ActiveCfg = Debug|Any CPU
		{01F6C0DB-4E32-47F3-9E2A-E86A45CA8AED}.Debug|Any CPU.Build.0 = Debug|Any CPU
		{01F6C0DB-4E32-47F3-9E2A-E86A45CA8AED}.Release|Any CPU.ActiveCfg = Release|Any CPU
		{01F6C0DB-4E32-47F3-9E2A-E86A45CA8AED}.Release|Any CPU.Build.0 = Release|Any CPU
	EndGlobalSection
	GlobalSection(SolutionProperties) = preSolution
		HideSolutionNode = FALSE
	EndGlobalSection
	GlobalSection(ExtensibilityGlobals) = postSolution
		SolutionGuid = {1FFCD2C5-F8B0-4700-AC30-E1660298D50D}
	EndGlobalSection
EndGlobal
